github.com/CaiJimmy/hugo-theme-stack/v4 v4.0.1 h1:CwkJUtXfAtYHlqUI4FhlvnKEgsDgX9ASFAirN5uhBzA=
github.com/CaiJimmy/hugo-theme-stack/v4 v4.0.1/go.mod h1:6SWZIQIut6uVjxhLraexYzgtdNDrod0xnfM/to6D/1I=
github.com/tabler/tabler-icons v3.41.1+incompatible h1:HhKrGRRJ+gU7elR3e+D+033CzIiUOL/L3CERL8n+Gns=
github.com/tabler/tabler-icons v3.41.1+incompatible/go.mod h1:Ap75CRdhXxprnUnPlUCRLvJ2pIFNqwxIipj3GfD6XHE=
