github.com/CaiJimmy/hugo-theme-stack/v4 v4.0.2 h1:q9cWu6ZS4wSesFjIjpIPueKaRmD7IoRFMGzvwZSqaBA=
github.com/CaiJimmy/hugo-theme-stack/v4 v4.0.2/go.mod h1:6SWZIQIut6uVjxhLraexYzgtdNDrod0xnfM/to6D/1I=
github.com/tabler/tabler-icons v3.43.0+incompatible h1:PnShqAcjsA1PqyvoqwtchgHdeJ8TcLDwmM4f5q0WRzc=
github.com/tabler/tabler-icons v3.43.0+incompatible/go.mod h1:Ap75CRdhXxprnUnPlUCRLvJ2pIFNqwxIipj3GfD6XHE=
